# This file is automatically @generated by Cargo.
# It is not intended for manual editing.
version = 4

[[package]]
name = "bitset"
version = "0.1.2"
source = "registry+https://github.com/rust-lang/crates.io-index"
checksum = "cd450435a044ff3a192c9b0063e9f612ee3e2b2e23388332bc3aada13e3f7f6b"

[[package]]
name = "collatz"
version = "0.1.0"
dependencies = [
 "bitset",
]
